
Microsoft Visual Studio Solution File, Format Version 12.00
# Visual Studio 15
VisualStudioVersion = 15.0.28307.1231
MinimumVisualStudioVersion = 10.0.40219.1
Project("{FAE04EC0-301F-11D3-BF4B-00C04F79EFBC}") = "Demo_Avaliativa_Web", "Demo_Avaliativa_Web\Demo_Avaliativa_Web.csproj", "{8C109965-4A5C-401D-B5D9-6D336895FB84}"
EndProject
Project("{2150E333-8FDC-42A3-9474-1A3956D46DE8}") = "Executar no banco", "Executar no banco", "{2BDCEC2A-7FF7-4289-B8F9-BD2F21AA7C9D}"
	ProjectSection(SolutionItems) = preProject
		Banco_instrucoes.txt = Banco_instrucoes.txt
	EndProjectSection
EndProject
Global
	GlobalSection(SolutionConfigurationPlatforms) = preSolution
		Debug|Any CPU = Debug|Any CPU
		Release|Any CPU = Release|Any CPU
	EndGlobalSection
	GlobalSection(ProjectConfigurationPlatforms) = postSolution
		{8C109965-4A5C-401D-B5D9-6D336895FB84}.Debug|Any CPU.ActiveCfg = Debug|Any CPU
		{8C109965-4A5C-401D-B5D9-6D336895FB84}.Debug|Any CPU.Build.0 = Debug|Any CPU
		{8C109965-4A5C-401D-B5D9-6D336895FB84}.Release|Any CPU.ActiveCfg = Release|Any CPU
		{8C109965-4A5C-401D-B5D9-6D336895FB84}.Release|Any CPU.Build.0 = Release|Any CPU
	EndGlobalSection
	GlobalSection(SolutionProperties) = preSolution
		HideSolutionNode = FALSE
	EndGlobalSection
	GlobalSection(ExtensibilityGlobals) = postSolution
		SolutionGuid = {A1CDA7BA-DB1C-419F-B675-E938B32FEAEF}
	EndGlobalSection
EndGlobal
